
Microsoft Visual Studio Solution File, Format Version 12.00
# Visual Studio Version 16
VisualStudioVersion = 16.0.33027.164
MinimumVisualStudioVersion = 10.0.40219.1
Project("{FAE04EC0-301F-11D3-BF4B-00C04F79EFBC}") = "AnonymousMethodActionCalculator", "AnonymousMethodActionCalculator\AnonymousMethodActionCalculator.csproj", "{8170942A-CD43-42EA-91C4-421B736CAC35}"
EndProject
Global
	GlobalSection(SolutionConfigurationPlatforms) = preSolution
		Debug|Any CPU = Debug|Any CPU
		Release|Any CPU = Release|Any CPU
	EndGlobalSection
	GlobalSection(ProjectConfigurationPlatforms) = postSolution
		{8170942A-CD43-42EA-91C4-421B736CAC35}.Debug|Any CPU.ActiveCfg = Debug|Any CPU
		{8170942A-CD43-42EA-91C4-421B736CAC35}.Debug|Any CPU.Build.0 = Debug|Any CPU
		{8170942A-CD43-42EA-91C4-421B736CAC35}.Release|Any CPU.ActiveCfg = Release|Any CPU
		{8170942A-CD43-42EA-91C4-421B736CAC35}.Release|Any CPU.Build.0 = Release|Any CPU
	EndGlobalSection
	GlobalSection(SolutionProperties) = preSolution
		HideSolutionNode = FALSE
	EndGlobalSection
	GlobalSection(ExtensibilityGlobals) = postSolution
		SolutionGuid = {643D3DEE-7CDC-4919-A5A8-AE619BAB9BFF}
	EndGlobalSection
EndGlobal
